
Microsoft Visual Studio Solution File, Format Version 12.00
# Visual Studio Version 17
VisualStudioVersion = 17.11.35312.102
MinimumVisualStudioVersion = 10.0.40219.1
Project("{8BC9CEB8-8B4A-11D0-8D11-00A0C91BC942}") = "sorting", "sorting\sorting.vcxproj", "{CF8E1B7A-4AF5-4121-B440-AE2865448692}"
EndProject
Project("{8BC9CEB8-8B4A-11D0-8D11-00A0C91BC942}") = "tests", "tests\tests.vcxproj", "{24635FEC-0620-4B6F-BACA-F9E65DFB0C9C}"
EndProject
Global
	GlobalSection(SolutionConfigurationPlatforms) = preSolution
		Debug|x64 = Debug|x64
		Debug|x86 = Debug|x86
		Release|x64 = Release|x64
		Release|x86 = Release|x86
	EndGlobalSection
	GlobalSection(ProjectConfigurationPlatforms) = postSolution
		{CF8E1B7A-4AF5-4121-B440-AE2865448692}.Debug|x64.ActiveCfg = Debug|x64
		{CF8E1B7A-4AF5-4121-B440-AE2865448692}.Debug|x64.Build.0 = Debug|x64
		{CF8E1B7A-4AF5-4121-B440-AE2865448692}.Debug|x86.ActiveCfg = Debug|Win32
		{CF8E1B7A-4AF5-4121-B440-AE2865448692}.Debug|x86.Build.0 = Debug|Win32
		{CF8E1B7A-4AF5-4121-B440-AE2865448692}.Release|x64.ActiveCfg = Release|x64
		{CF8E1B7A-4AF5-4121-B440-AE2865448692}.Release|x64.Build.0 = Release|x64
		{CF8E1B7A-4AF5-4121-B440-AE2865448692}.Release|x86.ActiveCfg = Release|Win32
		{CF8E1B7A-4AF5-4121-B440-AE2865448692}.Release|x86.Build.0 = Release|Win32
		{24635FEC-0620-4B6F-BACA-F9E65DFB0C9C}.Debug|x64.ActiveCfg = Debug|x64
		{24635FEC-0620-4B6F-BACA-F9E65DFB0C9C}.Debug|x64.Build.0 = Debug|x64
		{24635FEC-0620-4B6F-BACA-F9E65DFB0C9C}.Debug|x86.ActiveCfg = Debug|Win32
		{24635FEC-0620-4B6F-BACA-F9E65DFB0C9C}.Debug|x86.Build.0 = Debug|Win32
		{24635FEC-0620-4B6F-BACA-F9E65DFB0C9C}.Release|x64.ActiveCfg = Release|x64
		{24635FEC-0620-4B6F-BACA-F9E65DFB0C9C}.Release|x64.Build.0 = Release|x64
		{24635FEC-0620-4B6F-BACA-F9E65DFB0C9C}.Release|x86.ActiveCfg = Release|Win32
		{24635FEC-0620-4B6F-BACA-F9E65DFB0C9C}.Release|x86.Build.0 = Release|Win32
	EndGlobalSection
	GlobalSection(SolutionProperties) = preSolution
		HideSolutionNode = FALSE
	EndGlobalSection
	GlobalSection(ExtensibilityGlobals) = postSolution
		SolutionGuid = {6384668B-5D6E-4767-A5B7-C7CB4D4A0664}
	EndGlobalSection
EndGlobal
